
Microsoft Visual Studio Solution File, Format Version 12.00
# Visual Studio 15
VisualStudioVersion = 15.0.28307.329
MinimumVisualStudioVersion = 14.0.23107.0
Project("{9A19103F-16F7-4668-BE54-9A1E7A4F7556}") = "MyGame.Windows", "MyGame.Windows\MyGame.Windows.csproj", "{499D9995-3DDC-4511-8CCC-3B4906CC94D9}"
EndProject
Project("{9A19103F-16F7-4668-BE54-9A1E7A4F7556}") = "MyGame", "MyGame\MyGame.csproj", "{77375975-2DED-44B7-B82F-1417E5AF33DC}"
EndProject
Global
	GlobalSection(SolutionConfigurationPlatforms) = preSolution
		Debug|Any CPU = Debug|Any CPU
		Release|Any CPU = Release|Any CPU
	EndGlobalSection
	GlobalSection(ProjectConfigurationPlatforms) = postSolution
		{499D9995-3DDC-4511-8CCC-3B4906CC94D9}.Debug|Any CPU.ActiveCfg = Debug|Any CPU
		{499D9995-3DDC-4511-8CCC-3B4906CC94D9}.Debug|Any CPU.Build.0 = Debug|Any CPU
		{499D9995-3DDC-4511-8CCC-3B4906CC94D9}.Release|Any CPU.ActiveCfg = Release|Any CPU
		{499D9995-3DDC-4511-8CCC-3B4906CC94D9}.Release|Any CPU.Build.0 = Release|Any CPU
		{77375975-2DED-44B7-B82F-1417E5AF33DC}.Debug|Any CPU.ActiveCfg = Debug|Any CPU
		{77375975-2DED-44B7-B82F-1417E5AF33DC}.Debug|Any CPU.Build.0 = Debug|Any CPU
		{77375975-2DED-44B7-B82F-1417E5AF33DC}.Release|Any CPU.ActiveCfg = Release|Any CPU
		{77375975-2DED-44B7-B82F-1417E5AF33DC}.Release|Any CPU.Build.0 = Release|Any CPU
	EndGlobalSection
	GlobalSection(SolutionProperties) = preSolution
		HideSolutionNode = FALSE
	EndGlobalSection
	GlobalSection(ExtensibilityGlobals) = postSolution
		SolutionGuid = {115EC1B6-2021-4418-8D96-AD8B2C79B285}
	EndGlobalSection
EndGlobal
